
Microsoft Visual Studio Solution File, Format Version 12.00
Project("{2150E333-8FDC-42A3-9474-1A3956D46DE8}") = "Solution Items", "Solution Items", "{895588E6-09E6-4F7F-A3D0-531081A7A667}"
	ProjectSection(SolutionItems) = preProject
		docker-compose.yml = docker-compose.yml
	EndProjectSection
EndProject
Project("{FAE04EC0-301F-11D3-BF4B-00C04F79EFBC}") = "FinanceService.Domain", "FinanceService.Domain\FinanceService.Domain.csproj", "{F2E50780-76C7-4A00-8EA3-3B005D131197}"
EndProject
Project("{FAE04EC0-301F-11D3-BF4B-00C04F79EFBC}") = "FinanceService.WebApi", "FinanceService.WebApi\FinanceService.WebApi.csproj", "{10E16A73-3B67-4F8F-A64B-3F7066C8E851}"
EndProject
Project("{FAE04EC0-301F-11D3-BF4B-00C04F79EFBC}") = "FinanceService.Infrastructure", "FinanceService.Infrastructure\FinanceService.Infrastructure.csproj", "{18616347-1F3B-4676-BF59-2FBF3F585D4E}"
EndProject
Project("{2150E333-8FDC-42A3-9474-1A3956D46DE8}") = "FinanceService", "FinanceService", "{9958CDAA-ACF7-4252-9D49-45E35F4AF357}"
EndProject
Project("{2150E333-8FDC-42A3-9474-1A3956D46DE8}") = "AuthService", "AuthService", "{ED9411FD-D5ED-4CBE-BD70-6CF7F4146ABA}"
EndProject
Project("{FAE04EC0-301F-11D3-BF4B-00C04F79EFBC}") = "FinanceService", "FinanceService\FinanceService.csproj", "{4A72A36E-1AD4-4A07-A1A6-6999E97CBCD8}"
EndProject
Project("{FAE04EC0-301F-11D3-BF4B-00C04F79EFBC}") = "AuthService.Domain", "AuthService.Domain\AuthService.Domain.csproj", "{5F9120BE-65FA-4402-A4F1-ABAC891A9423}"
EndProject
Project("{FAE04EC0-301F-11D3-BF4B-00C04F79EFBC}") = "AuthService.Infrastructure", "AuthService.Infrastructure\AuthService.Infrastructure.csproj", "{C7AF6F01-59B6-4FFC-8CDA-71814954BC7E}"
EndProject
Project("{FAE04EC0-301F-11D3-BF4B-00C04F79EFBC}") = "AuthService", "AuthService\AuthService.csproj", "{22BFF83A-6175-4E99-9C28-50718B43900C}"
EndProject
Project("{2150E333-8FDC-42A3-9474-1A3956D46DE8}") = "NotificationService", "NotificationService", "{05810AD9-3EE2-491F-AB34-13E9282DDA41}"
EndProject
Project("{FAE04EC0-301F-11D3-BF4B-00C04F79EFBC}") = "NotificationService.Domain", "NotificationService.Domain\NotificationService.Domain.csproj", "{82ECCB67-B9F5-4205-BF76-CD91B2B3C75A}"
EndProject
Project("{FAE04EC0-301F-11D3-BF4B-00C04F79EFBC}") = "NotificationService.Infrastructure", "NotificationService.Infrastructure\NotificationService.Infrastructure.csproj", "{8514E9C6-B6DC-4232-AF8E-140DB14BAE2E}"
EndProject
Project("{FAE04EC0-301F-11D3-BF4B-00C04F79EFBC}") = "NotificationService", "NotificationService\NotificationService.csproj", "{3318CBFD-FB90-442C-80F9-376729DC3FC5}"
EndProject
Project("{2150E333-8FDC-42A3-9474-1A3956D46DE8}") = "ReportService", "ReportService", "{3D0EB36D-287E-44C9-BC11-58E471048E15}"
EndProject
Project("{FAE04EC0-301F-11D3-BF4B-00C04F79EFBC}") = "ReportService.Domain", "ReportService.Domain\ReportService.Domain.csproj", "{01DDCB79-016B-4E83-8E43-0232374B6FC1}"
EndProject
Project("{FAE04EC0-301F-11D3-BF4B-00C04F79EFBC}") = "ReportService.Infrastructure", "ReportService.Infrastructure\ReportService.Infrastructure.csproj", "{1FACEE6E-2AE7-4BF9-A198-3299C2110C85}"
EndProject
Project("{FAE04EC0-301F-11D3-BF4B-00C04F79EFBC}") = "ReportService", "ReportService\ReportService.csproj", "{8753D6B5-298F-4EFB-90DE-E2C4B14D5EF5}"
EndProject
Project("{FAE04EC0-301F-11D3-BF4B-00C04F79EFBC}") = "ReportService.WebApi", "ReportService.WebApi\ReportService.WebApi.csproj", "{EC9FF50E-44DC-4D61-8C15-64DE8C1D1A08}"
EndProject
Project("{FAE04EC0-301F-11D3-BF4B-00C04F79EFBC}") = "NotificationService.Worker", "NotificationService.Worker\NotificationService.Worker.csproj", "{83590E56-0E55-437F-BDD1-4A95D76F427D}"
EndProject
Project("{FAE04EC0-301F-11D3-BF4B-00C04F79EFBC}") = "AuthService.WebApi", "AuthService.WebApi\AuthService.WebApi.csproj", "{34A4CFF6-6F46-40E8-8157-F512394F05C7}"
EndProject
Project("{FAE04EC0-301F-11D3-BF4B-00C04F79EFBC}") = "FinanceService.Worker", "FinanceService.Worker\FinanceService.Worker.csproj", "{D2021FD3-AD9E-4945-9668-C3DB9BD41F10}"
EndProject
Global
	GlobalSection(SolutionConfigurationPlatforms) = preSolution
		Debug|Any CPU = Debug|Any CPU
		Release|Any CPU = Release|Any CPU
	EndGlobalSection
	GlobalSection(ProjectConfigurationPlatforms) = postSolution
		{F2E50780-76C7-4A00-8EA3-3B005D131197}.Debug|Any CPU.ActiveCfg = Debug|Any CPU
		{F2E50780-76C7-4A00-8EA3-3B005D131197}.Debug|Any CPU.Build.0 = Debug|Any CPU
		{F2E50780-76C7-4A00-8EA3-3B005D131197}.Release|Any CPU.ActiveCfg = Release|Any CPU
		{F2E50780-76C7-4A00-8EA3-3B005D131197}.Release|Any CPU.Build.0 = Release|Any CPU
		{10E16A73-3B67-4F8F-A64B-3F7066C8E851}.Debug|Any CPU.ActiveCfg = Debug|Any CPU
		{10E16A73-3B67-4F8F-A64B-3F7066C8E851}.Debug|Any CPU.Build.0 = Debug|Any CPU
		{10E16A73-3B67-4F8F-A64B-3F7066C8E851}.Release|Any CPU.ActiveCfg = Release|Any CPU
		{10E16A73-3B67-4F8F-A64B-3F7066C8E851}.Release|Any CPU.Build.0 = Release|Any CPU
		{18616347-1F3B-4676-BF59-2FBF3F585D4E}.Debug|Any CPU.ActiveCfg = Debug|Any CPU
		{18616347-1F3B-4676-BF59-2FBF3F585D4E}.Debug|Any CPU.Build.0 = Debug|Any CPU
		{18616347-1F3B-4676-BF59-2FBF3F585D4E}.Release|Any CPU.ActiveCfg = Release|Any CPU
		{18616347-1F3B-4676-BF59-2FBF3F585D4E}.Release|Any CPU.Build.0 = Release|Any CPU
		{4A72A36E-1AD4-4A07-A1A6-6999E97CBCD8}.Debug|Any CPU.ActiveCfg = Debug|Any CPU
		{4A72A36E-1AD4-4A07-A1A6-6999E97CBCD8}.Debug|Any CPU.Build.0 = Debug|Any CPU
		{4A72A36E-1AD4-4A07-A1A6-6999E97CBCD8}.Release|Any CPU.ActiveCfg = Release|Any CPU
		{4A72A36E-1AD4-4A07-A1A6-6999E97CBCD8}.Release|Any CPU.Build.0 = Release|Any CPU
		{5F9120BE-65FA-4402-A4F1-ABAC891A9423}.Debug|Any CPU.ActiveCfg = Debug|Any CPU
		{5F9120BE-65FA-4402-A4F1-ABAC891A9423}.Debug|Any CPU.Build.0 = Debug|Any CPU
		{5F9120BE-65FA-4402-A4F1-ABAC891A9423}.Release|Any CPU.ActiveCfg = Release|Any CPU
		{5F9120BE-65FA-4402-A4F1-ABAC891A9423}.Release|Any CPU.Build.0 = Release|Any CPU
		{C7AF6F01-59B6-4FFC-8CDA-71814954BC7E}.Debug|Any CPU.ActiveCfg = Debug|Any CPU
		{C7AF6F01-59B6-4FFC-8CDA-71814954BC7E}.Debug|Any CPU.Build.0 = Debug|Any CPU
		{C7AF6F01-59B6-4FFC-8CDA-71814954BC7E}.Release|Any CPU.ActiveCfg = Release|Any CPU
		{C7AF6F01-59B6-4FFC-8CDA-71814954BC7E}.Release|Any CPU.Build.0 = Release|Any CPU
		{22BFF83A-6175-4E99-9C28-50718B43900C}.Debug|Any CPU.ActiveCfg = Debug|Any CPU
		{22BFF83A-6175-4E99-9C28-50718B43900C}.Debug|Any CPU.Build.0 = Debug|Any CPU
		{22BFF83A-6175-4E99-9C28-50718B43900C}.Release|Any CPU.ActiveCfg = Release|Any CPU
		{22BFF83A-6175-4E99-9C28-50718B43900C}.Release|Any CPU.Build.0 = Release|Any CPU
		{82ECCB67-B9F5-4205-BF76-CD91B2B3C75A}.Debug|Any CPU.ActiveCfg = Debug|Any CPU
		{82ECCB67-B9F5-4205-BF76-CD91B2B3C75A}.Debug|Any CPU.Build.0 = Debug|Any CPU
		{82ECCB67-B9F5-4205-BF76-CD91B2B3C75A}.Release|Any CPU.ActiveCfg = Release|Any CPU
		{82ECCB67-B9F5-4205-BF76-CD91B2B3C75A}.Release|Any CPU.Build.0 = Release|Any CPU
		{8514E9C6-B6DC-4232-AF8E-140DB14BAE2E}.Debug|Any CPU.ActiveCfg = Debug|Any CPU
		{8514E9C6-B6DC-4232-AF8E-140DB14BAE2E}.Debug|Any CPU.Build.0 = Debug|Any CPU
		{8514E9C6-B6DC-4232-AF8E-140DB14BAE2E}.Release|Any CPU.ActiveCfg = Release|Any CPU
		{8514E9C6-B6DC-4232-AF8E-140DB14BAE2E}.Release|Any CPU.Build.0 = Release|Any CPU
		{3318CBFD-FB90-442C-80F9-376729DC3FC5}.Debug|Any CPU.ActiveCfg = Debug|Any CPU
		{3318CBFD-FB90-442C-80F9-376729DC3FC5}.Debug|Any CPU.Build.0 = Debug|Any CPU
		{3318CBFD-FB90-442C-80F9-376729DC3FC5}.Release|Any CPU.ActiveCfg = Release|Any CPU
		{3318CBFD-FB90-442C-80F9-376729DC3FC5}.Release|Any CPU.Build.0 = Release|Any CPU
		{01DDCB79-016B-4E83-8E43-0232374B6FC1}.Debug|Any CPU.ActiveCfg = Debug|Any CPU
		{01DDCB79-016B-4E83-8E43-0232374B6FC1}.Debug|Any CPU.Build.0 = Debug|Any CPU
		{01DDCB79-016B-4E83-8E43-0232374B6FC1}.Release|Any CPU.ActiveCfg = Release|Any CPU
		{01DDCB79-016B-4E83-8E43-0232374B6FC1}.Release|Any CPU.Build.0 = Release|Any CPU
		{1FACEE6E-2AE7-4BF9-A198-3299C2110C85}.Debug|Any CPU.ActiveCfg = Debug|Any CPU
		{1FACEE6E-2AE7-4BF9-A198-3299C2110C85}.Debug|Any CPU.Build.0 = Debug|Any CPU
		{1FACEE6E-2AE7-4BF9-A198-3299C2110C85}.Release|Any CPU.ActiveCfg = Release|Any CPU
		{1FACEE6E-2AE7-4BF9-A198-3299C2110C85}.Release|Any CPU.Build.0 = Release|Any CPU
		{8753D6B5-298F-4EFB-90DE-E2C4B14D5EF5}.Debug|Any CPU.ActiveCfg = Debug|Any CPU
		{8753D6B5-298F-4EFB-90DE-E2C4B14D5EF5}.Debug|Any CPU.Build.0 = Debug|Any CPU
		{8753D6B5-298F-4EFB-90DE-E2C4B14D5EF5}.Release|Any CPU.ActiveCfg = Release|Any CPU
		{8753D6B5-298F-4EFB-90DE-E2C4B14D5EF5}.Release|Any CPU.Build.0 = Release|Any CPU
		{EC9FF50E-44DC-4D61-8C15-64DE8C1D1A08}.Debug|Any CPU.ActiveCfg = Debug|Any CPU
		{EC9FF50E-44DC-4D61-8C15-64DE8C1D1A08}.Debug|Any CPU.Build.0 = Debug|Any CPU
		{EC9FF50E-44DC-4D61-8C15-64DE8C1D1A08}.Release|Any CPU.ActiveCfg = Release|Any CPU
		{EC9FF50E-44DC-4D61-8C15-64DE8C1D1A08}.Release|Any CPU.Build.0 = Release|Any CPU
		{83590E56-0E55-437F-BDD1-4A95D76F427D}.Debug|Any CPU.ActiveCfg = Debug|Any CPU
		{83590E56-0E55-437F-BDD1-4A95D76F427D}.Debug|Any CPU.Build.0 = Debug|Any CPU
		{83590E56-0E55-437F-BDD1-4A95D76F427D}.Release|Any CPU.ActiveCfg = Release|Any CPU
		{83590E56-0E55-437F-BDD1-4A95D76F427D}.Release|Any CPU.Build.0 = Release|Any CPU
		{34A4CFF6-6F46-40E8-8157-F512394F05C7}.Debug|Any CPU.ActiveCfg = Debug|Any CPU
		{34A4CFF6-6F46-40E8-8157-F512394F05C7}.Debug|Any CPU.Build.0 = Debug|Any CPU
		{34A4CFF6-6F46-40E8-8157-F512394F05C7}.Release|Any CPU.ActiveCfg = Release|Any CPU
		{34A4CFF6-6F46-40E8-8157-F512394F05C7}.Release|Any CPU.Build.0 = Release|Any CPU
		{D2021FD3-AD9E-4945-9668-C3DB9BD41F10}.Debug|Any CPU.ActiveCfg = Debug|Any CPU
		{D2021FD3-AD9E-4945-9668-C3DB9BD41F10}.Debug|Any CPU.Build.0 = Debug|Any CPU
		{D2021FD3-AD9E-4945-9668-C3DB9BD41F10}.Release|Any CPU.ActiveCfg = Release|Any CPU
		{D2021FD3-AD9E-4945-9668-C3DB9BD41F10}.Release|Any CPU.Build.0 = Release|Any CPU
	EndGlobalSection
	GlobalSection(NestedProjects) = preSolution
		{F2E50780-76C7-4A00-8EA3-3B005D131197} = {9958CDAA-ACF7-4252-9D49-45E35F4AF357}
		{18616347-1F3B-4676-BF59-2FBF3F585D4E} = {9958CDAA-ACF7-4252-9D49-45E35F4AF357}
		{10E16A73-3B67-4F8F-A64B-3F7066C8E851} = {9958CDAA-ACF7-4252-9D49-45E35F4AF357}
		{4A72A36E-1AD4-4A07-A1A6-6999E97CBCD8} = {9958CDAA-ACF7-4252-9D49-45E35F4AF357}
		{5F9120BE-65FA-4402-A4F1-ABAC891A9423} = {ED9411FD-D5ED-4CBE-BD70-6CF7F4146ABA}
		{C7AF6F01-59B6-4FFC-8CDA-71814954BC7E} = {ED9411FD-D5ED-4CBE-BD70-6CF7F4146ABA}
		{22BFF83A-6175-4E99-9C28-50718B43900C} = {ED9411FD-D5ED-4CBE-BD70-6CF7F4146ABA}
		{82ECCB67-B9F5-4205-BF76-CD91B2B3C75A} = {05810AD9-3EE2-491F-AB34-13E9282DDA41}
		{8514E9C6-B6DC-4232-AF8E-140DB14BAE2E} = {05810AD9-3EE2-491F-AB34-13E9282DDA41}
		{3318CBFD-FB90-442C-80F9-376729DC3FC5} = {05810AD9-3EE2-491F-AB34-13E9282DDA41}
		{01DDCB79-016B-4E83-8E43-0232374B6FC1} = {3D0EB36D-287E-44C9-BC11-58E471048E15}
		{1FACEE6E-2AE7-4BF9-A198-3299C2110C85} = {3D0EB36D-287E-44C9-BC11-58E471048E15}
		{8753D6B5-298F-4EFB-90DE-E2C4B14D5EF5} = {3D0EB36D-287E-44C9-BC11-58E471048E15}
		{EC9FF50E-44DC-4D61-8C15-64DE8C1D1A08} = {3D0EB36D-287E-44C9-BC11-58E471048E15}
		{83590E56-0E55-437F-BDD1-4A95D76F427D} = {05810AD9-3EE2-491F-AB34-13E9282DDA41}
		{34A4CFF6-6F46-40E8-8157-F512394F05C7} = {ED9411FD-D5ED-4CBE-BD70-6CF7F4146ABA}
		{D2021FD3-AD9E-4945-9668-C3DB9BD41F10} = {9958CDAA-ACF7-4252-9D49-45E35F4AF357}
	EndGlobalSection
EndGlobal
